
Microsoft Visual Studio Solution File, Format Version 12.00
# Visual Studio Version 17
VisualStudioVersion = 17.8.0.0
MinimumVisualStudioVersion = 17.8.0.0
Project("{9A19103F-16F7-4668-BE54-9A1E7A4F7556}") = "NexusOps.AppHost", "NexusOps.AppHost\NexusOps.AppHost.csproj", "{A666F753-DA58-48A5-BCEB-8E18478CE151}"
EndProject
Project("{9A19103F-16F7-4668-BE54-9A1E7A4F7556}") = "NexusOps.Server", "NexusOps.Server\NexusOps.Server.csproj", "{FE184A8E-5715-4419-86BD-A1967E598CE8}"
EndProject
Project("{9A19103F-16F7-4668-BE54-9A1E7A4F7556}") = "NexusOps.AgentHost", "NexusOps.AgentHost\NexusOps.AgentHost.csproj", "{B2C3D4E5-F6A7-48B9-C0D1-E2F3A4B5C6D7}"
EndProject
Project("{54A90642-561A-4BB1-A94E-469ADEE60C69}") = "frontend", "frontend\frontend.esproj", "{EB5919B3-9F4B-47CB-B911-E34BC6932DDE}"
EndProject
Project("{FAE04EC0-301F-11D3-BF4B-00C04F79EFBC}") = "NexusOps.Contracts", "NexusOps.Contracts\NexusOps.Contracts.csproj", "{141453E9-6538-48F0-9DD9-CF5D5DE3EBE6}"
EndProject
Project("{FAE04EC0-301F-11D3-BF4B-00C04F79EFBC}") = "NexusOps.ServiceDefaults", "NexusOps.ServiceDefaults\NexusOps.ServiceDefaults.csproj", "{D1E2F3A4-B5C6-47D8-E9F0-A1B2C3D4E5F6}"
EndProject
Project("{FAE04EC0-301F-11D3-BF4B-00C04F79EFBC}") = "NexusOps.OrderService", "NexusOps.OrderService\NexusOps.OrderService.csproj", "{B1BBBA14-2634-4938-94B7-B84A59E9418D}"
EndProject
Project("{FAE04EC0-301F-11D3-BF4B-00C04F79EFBC}") = "NexusOps.InventoryService", "NexusOps.InventoryService\NexusOps.InventoryService.csproj", "{93B89326-6D15-40CD-AAB0-37BF019561EE}"
EndProject
Project("{FAE04EC0-301F-11D3-BF4B-00C04F79EFBC}") = "NexusOps.ProductService", "NexusOps.ProductService\NexusOps.ProductService.csproj", "{A58460B6-79F5-4E73-814C-0EC15C9223B1}"
EndProject
Project("{FAE04EC0-301F-11D3-BF4B-00C04F79EFBC}") = "NexusOps.Tests", "NexusOps.Tests\NexusOps.Tests.csproj", "{71D76AF7-21D9-4325-AF90-D07C6C747160}"
EndProject
Project("{FAE04EC0-301F-11D3-BF4B-00C04F79EFBC}") = "NexusOps.WorkflowOrchestrator", "NexusOps.WorkflowOrchestrator\NexusOps.WorkflowOrchestrator.csproj", "{94629A82-F2BB-40F8-9029-7D650CA69B0F}"
EndProject
Project("{FAE04EC0-301F-11D3-BF4B-00C04F79EFBC}") = "NexusOps.Evaluation", "NexusOps.Evaluation\NexusOps.Evaluation.csproj", "{E29EAF82-FC29-4D45-8D9E-07500DB71100}"
EndProject
Global
	GlobalSection(SolutionConfigurationPlatforms) = preSolution
		Debug|Any CPU = Debug|Any CPU
		Debug|x64 = Debug|x64
		Debug|x86 = Debug|x86
		Release|Any CPU = Release|Any CPU
		Release|x64 = Release|x64
		Release|x86 = Release|x86
	EndGlobalSection
	GlobalSection(ProjectConfigurationPlatforms) = postSolution
		{A666F753-DA58-48A5-BCEB-8E18478CE151}.Debug|Any CPU.ActiveCfg = Debug|Any CPU
		{A666F753-DA58-48A5-BCEB-8E18478CE151}.Debug|Any CPU.Build.0 = Debug|Any CPU
		{A666F753-DA58-48A5-BCEB-8E18478CE151}.Debug|x64.ActiveCfg = Debug|Any CPU
		{A666F753-DA58-48A5-BCEB-8E18478CE151}.Debug|x64.Build.0 = Debug|Any CPU
		{A666F753-DA58-48A5-BCEB-8E18478CE151}.Debug|x86.ActiveCfg = Debug|Any CPU
		{A666F753-DA58-48A5-BCEB-8E18478CE151}.Debug|x86.Build.0 = Debug|Any CPU
		{A666F753-DA58-48A5-BCEB-8E18478CE151}.Release|Any CPU.ActiveCfg = Release|Any CPU
		{A666F753-DA58-48A5-BCEB-8E18478CE151}.Release|Any CPU.Build.0 = Release|Any CPU
		{A666F753-DA58-48A5-BCEB-8E18478CE151}.Release|x64.ActiveCfg = Release|Any CPU
		{A666F753-DA58-48A5-BCEB-8E18478CE151}.Release|x64.Build.0 = Release|Any CPU
		{A666F753-DA58-48A5-BCEB-8E18478CE151}.Release|x86.ActiveCfg = Release|Any CPU
		{A666F753-DA58-48A5-BCEB-8E18478CE151}.Release|x86.Build.0 = Release|Any CPU
		{FE184A8E-5715-4419-86BD-A1967E598CE8}.Debug|Any CPU.ActiveCfg = Debug|Any CPU
		{FE184A8E-5715-4419-86BD-A1967E598CE8}.Debug|Any CPU.Build.0 = Debug|Any CPU
		{FE184A8E-5715-4419-86BD-A1967E598CE8}.Debug|x64.ActiveCfg = Debug|Any CPU
		{FE184A8E-5715-4419-86BD-A1967E598CE8}.Debug|x64.Build.0 = Debug|Any CPU
		{FE184A8E-5715-4419-86BD-A1967E598CE8}.Debug|x86.ActiveCfg = Debug|Any CPU
		{FE184A8E-5715-4419-86BD-A1967E598CE8}.Debug|x86.Build.0 = Debug|Any CPU
		{FE184A8E-5715-4419-86BD-A1967E598CE8}.Release|Any CPU.ActiveCfg = Release|Any CPU
		{FE184A8E-5715-4419-86BD-A1967E598CE8}.Release|Any CPU.Build.0 = Release|Any CPU
		{FE184A8E-5715-4419-86BD-A1967E598CE8}.Release|x64.ActiveCfg = Release|Any CPU
		{FE184A8E-5715-4419-86BD-A1967E598CE8}.Release|x64.Build.0 = Release|Any CPU
		{FE184A8E-5715-4419-86BD-A1967E598CE8}.Release|x86.ActiveCfg = Release|Any CPU
		{FE184A8E-5715-4419-86BD-A1967E598CE8}.Release|x86.Build.0 = Release|Any CPU
		{B2C3D4E5-F6A7-48B9-C0D1-E2F3A4B5C6D7}.Debug|Any CPU.ActiveCfg = Debug|Any CPU
		{B2C3D4E5-F6A7-48B9-C0D1-E2F3A4B5C6D7}.Debug|Any CPU.Build.0 = Debug|Any CPU
		{B2C3D4E5-F6A7-48B9-C0D1-E2F3A4B5C6D7}.Debug|x64.ActiveCfg = Debug|Any CPU
		{B2C3D4E5-F6A7-48B9-C0D1-E2F3A4B5C6D7}.Debug|x64.Build.0 = Debug|Any CPU
		{B2C3D4E5-F6A7-48B9-C0D1-E2F3A4B5C6D7}.Debug|x86.ActiveCfg = Debug|Any CPU
		{B2C3D4E5-F6A7-48B9-C0D1-E2F3A4B5C6D7}.Debug|x86.Build.0 = Debug|Any CPU
		{B2C3D4E5-F6A7-48B9-C0D1-E2F3A4B5C6D7}.Release|Any CPU.ActiveCfg = Release|Any CPU
		{B2C3D4E5-F6A7-48B9-C0D1-E2F3A4B5C6D7}.Release|Any CPU.Build.0 = Release|Any CPU
		{B2C3D4E5-F6A7-48B9-C0D1-E2F3A4B5C6D7}.Release|x64.ActiveCfg = Release|Any CPU
		{B2C3D4E5-F6A7-48B9-C0D1-E2F3A4B5C6D7}.Release|x64.Build.0 = Release|Any CPU
		{B2C3D4E5-F6A7-48B9-C0D1-E2F3A4B5C6D7}.Release|x86.ActiveCfg = Release|Any CPU
		{B2C3D4E5-F6A7-48B9-C0D1-E2F3A4B5C6D7}.Release|x86.Build.0 = Release|Any CPU
		{EB5919B3-9F4B-47CB-B911-E34BC6932DDE}.Debug|Any CPU.ActiveCfg = Debug|Any CPU
		{EB5919B3-9F4B-47CB-B911-E34BC6932DDE}.Debug|Any CPU.Build.0 = Debug|Any CPU
		{EB5919B3-9F4B-47CB-B911-E34BC6932DDE}.Debug|x64.ActiveCfg = Debug|x64
		{EB5919B3-9F4B-47CB-B911-E34BC6932DDE}.Debug|x86.ActiveCfg = Debug|x86
		{EB5919B3-9F4B-47CB-B911-E34BC6932DDE}.Release|Any CPU.ActiveCfg = Release|Any CPU
		{EB5919B3-9F4B-47CB-B911-E34BC6932DDE}.Release|Any CPU.Build.0 = Release|Any CPU
		{EB5919B3-9F4B-47CB-B911-E34BC6932DDE}.Release|x64.ActiveCfg = Release|x64
		{EB5919B3-9F4B-47CB-B911-E34BC6932DDE}.Release|x86.ActiveCfg = Release|x86
		{141453E9-6538-48F0-9DD9-CF5D5DE3EBE6}.Debug|Any CPU.ActiveCfg = Debug|Any CPU
		{141453E9-6538-48F0-9DD9-CF5D5DE3EBE6}.Debug|Any CPU.Build.0 = Debug|Any CPU
		{141453E9-6538-48F0-9DD9-CF5D5DE3EBE6}.Debug|x64.ActiveCfg = Debug|Any CPU
		{141453E9-6538-48F0-9DD9-CF5D5DE3EBE6}.Debug|x64.Build.0 = Debug|Any CPU
		{141453E9-6538-48F0-9DD9-CF5D5DE3EBE6}.Debug|x86.ActiveCfg = Debug|Any CPU
		{141453E9-6538-48F0-9DD9-CF5D5DE3EBE6}.Debug|x86.Build.0 = Debug|Any CPU
		{141453E9-6538-48F0-9DD9-CF5D5DE3EBE6}.Release|Any CPU.ActiveCfg = Release|Any CPU
		{141453E9-6538-48F0-9DD9-CF5D5DE3EBE6}.Release|Any CPU.Build.0 = Release|Any CPU
		{141453E9-6538-48F0-9DD9-CF5D5DE3EBE6}.Release|x64.ActiveCfg = Release|Any CPU
		{141453E9-6538-48F0-9DD9-CF5D5DE3EBE6}.Release|x64.Build.0 = Release|Any CPU
		{141453E9-6538-48F0-9DD9-CF5D5DE3EBE6}.Release|x86.ActiveCfg = Release|Any CPU
		{141453E9-6538-48F0-9DD9-CF5D5DE3EBE6}.Release|x86.Build.0 = Release|Any CPU
		{D1E2F3A4-B5C6-47D8-E9F0-A1B2C3D4E5F6}.Debug|Any CPU.ActiveCfg = Debug|Any CPU
		{D1E2F3A4-B5C6-47D8-E9F0-A1B2C3D4E5F6}.Debug|Any CPU.Build.0 = Debug|Any CPU
		{D1E2F3A4-B5C6-47D8-E9F0-A1B2C3D4E5F6}.Debug|x64.ActiveCfg = Debug|Any CPU
		{D1E2F3A4-B5C6-47D8-E9F0-A1B2C3D4E5F6}.Debug|x64.Build.0 = Debug|Any CPU
		{D1E2F3A4-B5C6-47D8-E9F0-A1B2C3D4E5F6}.Debug|x86.ActiveCfg = Debug|Any CPU
		{D1E2F3A4-B5C6-47D8-E9F0-A1B2C3D4E5F6}.Debug|x86.Build.0 = Debug|Any CPU
		{D1E2F3A4-B5C6-47D8-E9F0-A1B2C3D4E5F6}.Release|Any CPU.ActiveCfg = Release|Any CPU
		{D1E2F3A4-B5C6-47D8-E9F0-A1B2C3D4E5F6}.Release|Any CPU.Build.0 = Release|Any CPU
		{D1E2F3A4-B5C6-47D8-E9F0-A1B2C3D4E5F6}.Release|x64.ActiveCfg = Release|Any CPU
		{D1E2F3A4-B5C6-47D8-E9F0-A1B2C3D4E5F6}.Release|x64.Build.0 = Release|Any CPU
		{D1E2F3A4-B5C6-47D8-E9F0-A1B2C3D4E5F6}.Release|x86.ActiveCfg = Release|Any CPU
		{D1E2F3A4-B5C6-47D8-E9F0-A1B2C3D4E5F6}.Release|x86.Build.0 = Release|Any CPU
		{B1BBBA14-2634-4938-94B7-B84A59E9418D}.Debug|Any CPU.ActiveCfg = Debug|Any CPU
		{B1BBBA14-2634-4938-94B7-B84A59E9418D}.Debug|Any CPU.Build.0 = Debug|Any CPU
		{B1BBBA14-2634-4938-94B7-B84A59E9418D}.Debug|x64.ActiveCfg = Debug|Any CPU
		{B1BBBA14-2634-4938-94B7-B84A59E9418D}.Debug|x64.Build.0 = Debug|Any CPU
		{B1BBBA14-2634-4938-94B7-B84A59E9418D}.Debug|x86.ActiveCfg = Debug|Any CPU
		{B1BBBA14-2634-4938-94B7-B84A59E9418D}.Debug|x86.Build.0 = Debug|Any CPU
		{B1BBBA14-2634-4938-94B7-B84A59E9418D}.Release|Any CPU.ActiveCfg = Release|Any CPU
		{B1BBBA14-2634-4938-94B7-B84A59E9418D}.Release|Any CPU.Build.0 = Release|Any CPU
		{B1BBBA14-2634-4938-94B7-B84A59E9418D}.Release|x64.ActiveCfg = Release|Any CPU
		{B1BBBA14-2634-4938-94B7-B84A59E9418D}.Release|x64.Build.0 = Release|Any CPU
		{B1BBBA14-2634-4938-94B7-B84A59E9418D}.Release|x86.ActiveCfg = Release|Any CPU
		{B1BBBA14-2634-4938-94B7-B84A59E9418D}.Release|x86.Build.0 = Release|Any CPU
		{93B89326-6D15-40CD-AAB0-37BF019561EE}.Debug|Any CPU.ActiveCfg = Debug|Any CPU
		{93B89326-6D15-40CD-AAB0-37BF019561EE}.Debug|Any CPU.Build.0 = Debug|Any CPU
		{93B89326-6D15-40CD-AAB0-37BF019561EE}.Debug|x64.ActiveCfg = Debug|Any CPU
		{93B89326-6D15-40CD-AAB0-37BF019561EE}.Debug|x64.Build.0 = Debug|Any CPU
		{93B89326-6D15-40CD-AAB0-37BF019561EE}.Debug|x86.ActiveCfg = Debug|Any CPU
		{93B89326-6D15-40CD-AAB0-37BF019561EE}.Debug|x86.Build.0 = Debug|Any CPU
		{93B89326-6D15-40CD-AAB0-37BF019561EE}.Release|Any CPU.ActiveCfg = Release|Any CPU
		{93B89326-6D15-40CD-AAB0-37BF019561EE}.Release|Any CPU.Build.0 = Release|Any CPU
		{93B89326-6D15-40CD-AAB0-37BF019561EE}.Release|x64.ActiveCfg = Release|Any CPU
		{93B89326-6D15-40CD-AAB0-37BF019561EE}.Release|x64.Build.0 = Release|Any CPU
		{93B89326-6D15-40CD-AAB0-37BF019561EE}.Release|x86.ActiveCfg = Release|Any CPU
		{93B89326-6D15-40CD-AAB0-37BF019561EE}.Release|x86.Build.0 = Release|Any CPU
		{A58460B6-79F5-4E73-814C-0EC15C9223B1}.Debug|Any CPU.ActiveCfg = Debug|Any CPU
		{A58460B6-79F5-4E73-814C-0EC15C9223B1}.Debug|Any CPU.Build.0 = Debug|Any CPU
		{A58460B6-79F5-4E73-814C-0EC15C9223B1}.Debug|x64.ActiveCfg = Debug|Any CPU
		{A58460B6-79F5-4E73-814C-0EC15C9223B1}.Debug|x64.Build.0 = Debug|Any CPU
		{A58460B6-79F5-4E73-814C-0EC15C9223B1}.Debug|x86.ActiveCfg = Debug|Any CPU
		{A58460B6-79F5-4E73-814C-0EC15C9223B1}.Debug|x86.Build.0 = Debug|Any CPU
		{A58460B6-79F5-4E73-814C-0EC15C9223B1}.Release|Any CPU.ActiveCfg = Release|Any CPU
		{A58460B6-79F5-4E73-814C-0EC15C9223B1}.Release|Any CPU.Build.0 = Release|Any CPU
		{A58460B6-79F5-4E73-814C-0EC15C9223B1}.Release|x64.ActiveCfg = Release|Any CPU
		{A58460B6-79F5-4E73-814C-0EC15C9223B1}.Release|x64.Build.0 = Release|Any CPU
		{A58460B6-79F5-4E73-814C-0EC15C9223B1}.Release|x86.ActiveCfg = Release|Any CPU
		{A58460B6-79F5-4E73-814C-0EC15C9223B1}.Release|x86.Build.0 = Release|Any CPU
		{71D76AF7-21D9-4325-AF90-D07C6C747160}.Debug|Any CPU.ActiveCfg = Debug|Any CPU
		{71D76AF7-21D9-4325-AF90-D07C6C747160}.Debug|Any CPU.Build.0 = Debug|Any CPU
		{71D76AF7-21D9-4325-AF90-D07C6C747160}.Debug|x64.ActiveCfg = Debug|Any CPU
		{71D76AF7-21D9-4325-AF90-D07C6C747160}.Debug|x64.Build.0 = Debug|Any CPU
		{71D76AF7-21D9-4325-AF90-D07C6C747160}.Debug|x86.ActiveCfg = Debug|Any CPU
		{71D76AF7-21D9-4325-AF90-D07C6C747160}.Debug|x86.Build.0 = Debug|Any CPU
		{71D76AF7-21D9-4325-AF90-D07C6C747160}.Release|Any CPU.ActiveCfg = Release|Any CPU
		{71D76AF7-21D9-4325-AF90-D07C6C747160}.Release|Any CPU.Build.0 = Release|Any CPU
		{71D76AF7-21D9-4325-AF90-D07C6C747160}.Release|x64.ActiveCfg = Release|Any CPU
		{71D76AF7-21D9-4325-AF90-D07C6C747160}.Release|x64.Build.0 = Release|Any CPU
		{71D76AF7-21D9-4325-AF90-D07C6C747160}.Release|x86.ActiveCfg = Release|Any CPU
		{71D76AF7-21D9-4325-AF90-D07C6C747160}.Release|x86.Build.0 = Release|Any CPU
		{94629A82-F2BB-40F8-9029-7D650CA69B0F}.Debug|Any CPU.ActiveCfg = Debug|Any CPU
		{94629A82-F2BB-40F8-9029-7D650CA69B0F}.Debug|Any CPU.Build.0 = Debug|Any CPU
		{94629A82-F2BB-40F8-9029-7D650CA69B0F}.Debug|x64.ActiveCfg = Debug|Any CPU
		{94629A82-F2BB-40F8-9029-7D650CA69B0F}.Debug|x64.Build.0 = Debug|Any CPU
		{94629A82-F2BB-40F8-9029-7D650CA69B0F}.Debug|x86.ActiveCfg = Debug|Any CPU
		{94629A82-F2BB-40F8-9029-7D650CA69B0F}.Debug|x86.Build.0 = Debug|Any CPU
		{94629A82-F2BB-40F8-9029-7D650CA69B0F}.Release|Any CPU.ActiveCfg = Release|Any CPU
		{94629A82-F2BB-40F8-9029-7D650CA69B0F}.Release|Any CPU.Build.0 = Release|Any CPU
		{94629A82-F2BB-40F8-9029-7D650CA69B0F}.Release|x64.ActiveCfg = Release|Any CPU
		{94629A82-F2BB-40F8-9029-7D650CA69B0F}.Release|x64.Build.0 = Release|Any CPU
		{94629A82-F2BB-40F8-9029-7D650CA69B0F}.Release|x86.ActiveCfg = Release|Any CPU
		{94629A82-F2BB-40F8-9029-7D650CA69B0F}.Release|x86.Build.0 = Release|Any CPU
		{E29EAF82-FC29-4D45-8D9E-07500DB71100}.Debug|Any CPU.ActiveCfg = Debug|Any CPU
		{E29EAF82-FC29-4D45-8D9E-07500DB71100}.Debug|Any CPU.Build.0 = Debug|Any CPU
		{E29EAF82-FC29-4D45-8D9E-07500DB71100}.Debug|x64.ActiveCfg = Debug|Any CPU
		{E29EAF82-FC29-4D45-8D9E-07500DB71100}.Debug|x64.Build.0 = Debug|Any CPU
		{E29EAF82-FC29-4D45-8D9E-07500DB71100}.Debug|x86.ActiveCfg = Debug|Any CPU
		{E29EAF82-FC29-4D45-8D9E-07500DB71100}.Debug|x86.Build.0 = Debug|Any CPU
		{E29EAF82-FC29-4D45-8D9E-07500DB71100}.Release|Any CPU.ActiveCfg = Release|Any CPU
		{E29EAF82-FC29-4D45-8D9E-07500DB71100}.Release|Any CPU.Build.0 = Release|Any CPU
		{E29EAF82-FC29-4D45-8D9E-07500DB71100}.Release|x64.ActiveCfg = Release|Any CPU
		{E29EAF82-FC29-4D45-8D9E-07500DB71100}.Release|x64.Build.0 = Release|Any CPU
		{E29EAF82-FC29-4D45-8D9E-07500DB71100}.Release|x86.ActiveCfg = Release|Any CPU
		{E29EAF82-FC29-4D45-8D9E-07500DB71100}.Release|x86.Build.0 = Release|Any CPU
	EndGlobalSection
	GlobalSection(SolutionProperties) = preSolution
		HideSolutionNode = FALSE
	EndGlobalSection
	GlobalSection(ExtensibilityGlobals) = postSolution
		SolutionGuid = {187DC7CB-6AD8-4481-AE25-C3D6103C4BF5}
	EndGlobalSection
EndGlobal
